Microsoft Visual Studio Solution File, Format Version 12.00
# Visual Studio Version 17
VisualStudioVersion = 17.5.2.0
MinimumVisualStudioVersion = 10.0.40219.1
Project("{FAE04EC0-301F-11D3-BF4B-00C04F79EFBC}") = "FINAL-ELNET", "FINAL-ELNET.csproj", "{5EB91D96-06AD-B7CC-4BB5-E40094010BD3}"
EndProject
Global
	GlobalSection(SolutionConfigurationPlatforms) = preSolution
		Debug|Any CPU = Debug|Any CPU
		Release|Any CPU = Release|Any CPU
	EndGlobalSection
	GlobalSection(ProjectConfigurationPlatforms) = postSolution
		{5EB91D96-06AD-B7CC-4BB5-E40094010BD3}.Debug|Any CPU.ActiveCfg = Debug|Any CPU
		{5EB91D96-06AD-B7CC-4BB5-E40094010BD3}.Debug|Any CPU.Build.0 = Debug|Any CPU
		{5EB91D96-06AD-B7CC-4BB5-E40094010BD3}.Release|Any CPU.ActiveCfg = Release|Any CPU
		{5EB91D96-06AD-B7CC-4BB5-E40094010BD3}.Release|Any CPU.Build.0 = Release|Any CPU
	EndGlobalSection
	GlobalSection(SolutionProperties) = preSolution
		HideSolutionNode = FALSE
	EndGlobalSection
	GlobalSection(ExtensibilityGlobals) = postSolution
		SolutionGuid = {352F86E9-E022-4CED-8183-34DF46C9CD3F}
	EndGlobalSection
EndGlobal
